%{"arc": {:hex, :arc, "0.8.0", "bb7cf8ea50f30f9c2bb357270c074def42a7ec6a3b4605be731cc5faf8fde6fd", [:mix], [{:ex_aws, "~> 1.1", [hex: :ex_aws, optional: true]}, {:httpoison, "~> 0.11", [hex: :httpoison, optional: false]}, {:poison, "~> 2.2 or ~> 3.1", [hex: :poison, optional: true]}, {:sweet_xml, "~> 0.6", [hex: :sweet_xml, optional: true]}]},
  "arc_ecto": {:hex, :arc_ecto, "0.7.0", "428ed7ea4ed0be8996d8fc6e9f651d3e26fe9c9063f26cbf6731c865369845d3", [:mix], [{:arc, "~> 0.8.0", [hex: :arc, optional: false]}, {:ecto, "~> 2.0", [hex: :ecto, optional: false]}]},
  "base64url": {:hex, :base64url, "0.0.1", "36a90125f5948e3afd7be97662a1504b934dd5dac78451ca6e9abf85a10286be", [:rebar], []},
  "basic_auth": {:hex, :basic_auth, "2.2.0", "8b760b3a9894e8d709f42998751d93f4fed7700c8fcc8d26ce75cf5e277300b0", [:mix], [{:cowboy, "~> 1.0", [hex: :cowboy, optional: false]}, {:plug, "~> 0.14 or ~> 1.0", [hex: :plug, optional: false]}]},
  "bunt": {:hex, :bunt, "0.2.0", "951c6e801e8b1d2cbe58ebbd3e616a869061ddadcc4863d0a2182541acae9a38", [:mix], []},
  "certifi": {:hex, :certifi, "1.2.1", "c3904f192bd5284e5b13f20db3ceac9626e14eeacfbb492e19583cf0e37b22be", [:rebar3], []},
  "combine": {:hex, :combine, "0.10.0", "eff8224eeb56498a2af13011d142c5e7997a80c8f5b97c499f84c841032e429f", [:mix], []},
  "connection": {:hex, :connection, "1.0.4", "a1cae72211f0eef17705aaededacac3eb30e6625b04a6117c1b2db6ace7d5976", [:mix], []},
  "cortex": {:hex, :cortex, "0.4.2", "3c0418e916bc32bd48e02a8c6a8228ee9e6b63cd15387e15509e6902c721020f", [:mix], [{:file_system, "~> 0.2", [hex: :file_system, optional: false]}]},
  "cowboy": {:hex, :cowboy, "1.1.2", "61ac29ea970389a88eca5a65601460162d370a70018afe6f949a29dca91f3bb0", [:rebar3], [{:cowlib, "~> 1.0.2", [hex: :cowlib, optional: false]}, {:ranch, "~> 1.3.2", [hex: :ranch, optional: false]}]},
  "cowlib": {:hex, :cowlib, "1.0.2", "9d769a1d062c9c3ac753096f868ca121e2730b9a377de23dec0f7e08b1df84ee", [:make], []},
  "credo": {:hex, :credo, "0.8.8", "990e7844a8d06ebacd88744a55853a83b74270b8a8461c55a4d0334b8e1736c9", [:mix], [{:bunt, "~> 0.2.0", [hex: :bunt, optional: false]}]},
  "csvlixir": {:hex, :csvlixir, "1.0.0", "e9fd30abfca2d312390060e86bb7ec52487c813824dcccad45bb13e85ecad6b1", [:mix], []},
  "db_connection": {:hex, :db_connection, "1.1.2", "2865c2a4bae0714e2213a0ce60a1b12d76a6efba0c51fbda59c9ab8d1accc7a8", [:mix], [{:connection, "~> 1.0.2", [hex: :connection, optional: false]}, {:poolboy, "~> 1.5", [hex: :poolboy, optional: true]}, {:sbroker, "~> 1.0", [hex: :sbroker, optional: true]}]},
  "decimal": {:hex, :decimal, "1.4.1", "ad9e501edf7322f122f7fc151cce7c2a0c9ada96f2b0155b8a09a795c2029770", [:mix], []},
  "dialyxir": {:hex, :dialyxir, "0.5.1", "b331b091720fd93e878137add264bac4f644e1ddae07a70bf7062c7862c4b952", [:mix], []},
  "ecto": {:hex, :ecto, "2.2.6", "3fd1067661d6d64851a0d4db9acd9e884c00d2d1aa41cc09da687226cf894661", [:mix], [{:db_connection, "~> 1.1", [hex: :db_connection, optional: true]}, {:decimal, "~> 1.2", [hex: :decimal, optional: false]}, {:mariaex, "~> 0.8.0", [hex: :mariaex, optional: true]}, {:poison, "~> 2.2 or ~> 3.0", [hex: :poison, optional: true]}, {:poolboy, "~> 1.5", [hex: :poolboy, optional: false]}, {:postgrex, "~> 0.13.0", [hex: :postgrex, optional: true]}, {:sbroker, "~> 1.0", [hex: :sbroker, optional: true]}]},
  "ecto_enum": {:hex, :ecto_enum, "1.0.2", "866f717cffbf33561ccacdb55d68e444dd76a54cd76f313620d1a516da304e49", [:mix], [{:ecto, "~> 2.1.0", [hex: :ecto, optional: false]}, {:mariaex, "~> 0.8.0", [hex: :mariaex, optional: true]}, {:postgrex, "~> 0.13.0", [hex: :postgrex, optional: true]}]},
  "ex_admin": {:git, "https://github.com/smpallen99/ex_admin.git", "a0ed1f1c914644e590572093b2812f0a0e6acb99", [branch: "phx-1.3"]},
  "ex_aws": {:hex, :ex_aws, "1.1.5", "789173f385934f7e27f9ef36692a6c5f7dde06fd6e6f64d4cd92cda613d34bf9", [:mix], [{:configparser_ex, "~> 0.2.1", [hex: :configparser_ex, optional: true]}, {:hackney, "1.6.3 or 1.6.5 or 1.7.1 or 1.8.6 or ~> 1.9", [hex: :hackney, optional: true]}, {:jsx, "~> 2.8", [hex: :jsx, optional: true]}, {:poison, ">= 1.2.0", [hex: :poison, optional: true]}, {:sweet_xml, "~> 0.6", [hex: :sweet_xml, optional: true]}, {:xml_builder, "~> 0.1.0", [hex: :xml_builder, optional: true]}]},
  "ex_machina": {:hex, :ex_machina, "2.1.0", "4874dc9c78e7cf2d429f24dc3c4005674d4e4da6a08be961ffccc08fb528e28b", [:mix], [{:ecto, "~> 2.1", [hex: :ecto, optional: true]}]},
  "ex_queb": {:hex, :ex_queb, "1.0.0", "d4bdc430913c1d083f8b10b2bc0034b51aa32cdda760cf10773a31e8dd5f3786", [:mix], [{:ecto, "~> 2.0", [hex: :ecto, optional: false]}]},
  "exactor": {:hex, :exactor, "2.2.3", "a6972f43bb6160afeb73e1d8ab45ba604cd0ac8b5244c557093f6e92ce582786", [:mix], []},
  "exfswatch": {:hex, :exfswatch, "0.4.2", "d88a63b5c2f8f040230d22010588ff73286fd1aef32564115afa3051eaa4391d", [:mix], []},
  "file_system": {:hex, :file_system, "0.2.2", "7f1e9de4746f4eb8a4ca8f2fbab582d84a4e40fa394cce7bfcb068b988625b06", [:mix], []},
  "fs": {:hex, :fs, "0.9.2", "ed17036c26c3f70ac49781ed9220a50c36775c6ca2cf8182d123b6566e49ec59", [:rebar], []},
  "gettext": {:hex, :gettext, "0.13.1", "5e0daf4e7636d771c4c71ad5f3f53ba09a9ae5c250e1ab9c42ba9edccc476263", [:mix], []},
  "guardian": {:hex, :guardian, "0.14.5", "6d4e89b673accdacbc092ad000dc7494019426bd898eebf699caf1d19000cdcd", [:mix], [{:jose, "~> 1.8", [hex: :jose, optional: false]}, {:phoenix, "~> 1.2 and < 1.4.0", [hex: :phoenix, optional: true]}, {:plug, "~> 1.3", [hex: :plug, optional: false]}, {:poison, ">= 1.3.0 and < 4.0.0", [hex: :poison, optional: false]}, {:uuid, ">=1.1.1", [hex: :uuid, optional: false]}]},
  "hackney": {:hex, :hackney, "1.8.6", "21a725db3569b3fb11a6af17d5c5f654052ce9624219f1317e8639183de4a423", [:rebar3], [{:certifi, "1.2.1", [hex: :certifi, optional: false]}, {:idna, "5.0.2", [hex: :idna, optional: false]}, {:metrics, "1.0.1", [hex: :metrics, optional: false]}, {:mimerl, "1.0.2", [hex: :mimerl, optional: false]}, {:ssl_verify_fun, "1.1.1", [hex: :ssl_verify_fun, optional: false]}]},
  "hound": {:hex, :hound, "1.0.2", "b6dd20142d00c28009fad503a23fa4a76bc11899e0d198f36a9c1448427788b2", [:mix], [{:httpoison, "~> 0.8", [hex: :httpoison, optional: false]}, {:poison, ">= 1.4.0", [hex: :poison, optional: false]}]},
  "httpoison": {:hex, :httpoison, "0.11.2", "9e59f17a473ef6948f63c51db07320477bad8ba88cf1df60a3eee01150306665", [:mix], [{:hackney, "~> 1.8.0", [hex: :hackney, optional: false]}]},
  "idna": {:hex, :idna, "5.0.2", "ac203208ada855d95dc591a764b6e87259cb0e2a364218f215ad662daa8cd6b4", [:rebar3], [{:unicode_util_compat, "0.2.0", [hex: :unicode_util_compat, optional: false]}]},
  "inflex": {:hex, :inflex, "1.9.0", "2bef01a84437bca0a12fc107821ae7771b0ba847dccab5d1cd61f35972e66813", [:mix], []},
  "jose": {:hex, :jose, "1.8.4", "7946d1e5c03a76ac9ef42a6e6a20001d35987afd68c2107bcd8f01a84e75aa73", [:mix, :rebar3], [{:base64url, "~> 0.0.1", [hex: :base64url, optional: false]}]},
  "logger_file_backend": {:hex, :logger_file_backend, "0.0.10", "876f9f84ae110781207c54321ffbb62bebe02946fe3c13f0d7c5f5d8ad4fa910", [:mix], []},
  "metrics": {:hex, :metrics, "1.0.1", "25f094dea2cda98213cecc3aeff09e940299d950904393b2a29d191c346a8486", [:rebar3], []},
  "mime": {:hex, :mime, "1.1.0", "01c1d6f4083d8aa5c7b8c246ade95139620ef8effb009edde934e0ec3b28090a", [:mix], []},
  "mimerl": {:hex, :mimerl, "1.0.2", "993f9b0e084083405ed8252b99460c4f0563e41729ab42d9074fd5e52439be88", [:rebar3], []},
  "phoenix": {:hex, :phoenix, "1.3.0", "1c01124caa1b4a7af46f2050ff11b267baa3edb441b45dbf243e979cd4c5891b", [:mix], [{:cowboy, "~> 1.0", [hex: :cowboy, optional: true]}, {:phoenix_pubsub, "~> 1.0", [hex: :phoenix_pubsub, optional: false]}, {:plug, "~> 1.3.3 or ~> 1.4", [hex: :plug, optional: false]}, {:poison, "~> 2.2 or ~> 3.0", [hex: :poison, optional: false]}]},
  "phoenix_ecto": {:hex, :phoenix_ecto, "3.3.0", "702f6e164512853d29f9d20763493f2b3bcfcb44f118af2bc37bb95d0801b480", [:mix], [{:ecto, "~> 2.1", [hex: :ecto, optional: false]}, {:phoenix_html, "~> 2.9", [hex: :phoenix_html, optional: true]}, {:plug, "~> 1.0", [hex: :plug, optional: false]}]},
  "phoenix_html": {:hex, :phoenix_html, "2.10.4", "d4f99c32d5dc4918b531fdf163e1fd7cf20acdd7703f16f5d02d4db36de803b7", [:mix], [{:plug, "~> 1.0", [hex: :plug, optional: false]}]},
  "phoenix_live_reload": {:hex, :phoenix_live_reload, "1.1.3", "1d178429fc8950b12457d09c6afec247bfe1fcb6f36209e18fbb0221bdfe4d41", [:mix], [{:file_system, "~> 0.2.1 or ~> 0.3", [hex: :file_system, optional: false]}, {:phoenix, "~> 1.0 or ~> 1.2 or ~> 1.3", [hex: :phoenix, optional: false]}]},
  "phoenix_pubsub": {:hex, :phoenix_pubsub, "1.0.2", "bfa7fd52788b5eaa09cb51ff9fcad1d9edfeb68251add458523f839392f034c1", [:mix], []},
  "plug": {:hex, :plug, "1.4.3", "236d77ce7bf3e3a2668dc0d32a9b6f1f9b1f05361019946aae49874904be4aed", [:mix], [{:cowboy, "~> 1.0.1 or ~> 1.1", [hex: :cowboy, optional: true]}, {:mime, "~> 1.0", [hex: :mime, optional: false]}]},
  "poison": {:hex, :poison, "3.1.0", "d9eb636610e096f86f25d9a46f35a9facac35609a7591b3be3326e99a0484665", [:mix], []},
  "poolboy": {:hex, :poolboy, "1.5.1", "6b46163901cfd0a1b43d692657ed9d7e599853b3b21b95ae5ae0a777cf9b6ca8", [:rebar], []},
  "postgrex": {:hex, :postgrex, "0.13.3", "c277cfb2a9c5034d445a722494c13359e361d344ef6f25d604c2353185682bfc", [:mix], [{:connection, "~> 1.0", [hex: :connection, optional: false]}, {:db_connection, "~> 1.1", [hex: :db_connection, optional: false]}, {:decimal, "~> 1.0", [hex: :decimal, optional: false]}]},
  "ranch": {:hex, :ranch, "1.3.2", "e4965a144dc9fbe70e5c077c65e73c57165416a901bd02ea899cfd95aa890986", [:rebar3], []},
  "scrivener": {:hex, :scrivener, "2.3.0", "16b1d744202d47233798205447b35592d96a209241c566304f84ddef63c718b2", [:mix], []},
  "scrivener_ecto": {:hex, :scrivener_ecto, "1.2.3", "3255aee5cabfccedcb350f7e5f9f540fb72b8705a763612399264b11ae34faa9", [:mix], [{:ecto, "~> 2.0", [hex: :ecto, optional: false]}, {:postgrex, "~> 0.11.0 or ~> 0.12.0 or ~> 0.13.0", [hex: :postgrex, optional: true]}, {:scrivener, "~> 2.3", [hex: :scrivener, optional: false]}]},
  "ssl_verify_fun": {:hex, :ssl_verify_fun, "1.1.1", "28a4d65b7f59893bc2c7de786dec1e1555bd742d336043fe644ae956c3497fbe", [:make, :rebar], []},
  "sweet_xml": {:hex, :sweet_xml, "0.6.5", "dd9cde443212b505d1b5f9758feb2000e66a14d3c449f04c572f3048c66e6697", [:mix], []},
  "timex": {:hex, :timex, "3.1.24", "d198ae9783ac807721cca0c5535384ebdf99da4976be8cefb9665a9262a1e9e3", [:mix], [{:combine, "~> 0.7", [hex: :combine, optional: false]}, {:gettext, "~> 0.10", [hex: :gettext, optional: false]}, {:tzdata, "~> 0.1.8 or ~> 0.5", [hex: :tzdata, optional: false]}]},
  "tzdata": {:hex, :tzdata, "0.5.12", "1c17b68692c6ba5b6ab15db3d64cc8baa0f182043d5ae9d4b6d35d70af76f67b", [:mix], [{:hackney, "~> 1.0", [hex: :hackney, optional: false]}]},
  "unicode_util_compat": {:hex, :unicode_util_compat, "0.2.0", "dbbccf6781821b1c0701845eaf966c9b6d83d7c3bfc65ca2b78b88b8678bfa35", [:rebar3], []},
  "uuid": {:hex, :uuid, "1.1.8", "e22fc04499de0de3ed1116b770c7737779f226ceefa0badb3592e64d5cfb4eb9", [:mix], []},
  "wallaby": {:hex, :wallaby, "0.17.0", "a5c348c7a4b203bb5abd53716a5cd81ad8b2545508fa5a6c90efe3daee3f5c5f", [:mix], [{:httpoison, "~> 0.11.0", [hex: :httpoison, optional: false]}, {:poison, ">= 1.4.0", [hex: :poison, optional: false]}, {:poolboy, "~> 1.5", [hex: :poolboy, optional: false]}]},
  "xain": {:hex, :xain, "0.6.0", "5b61cfe3ffc17904759ee30a699f9e0b1aefd943e996ee4cafea76e5b2f59e3a", [:mix], []}}
